{
  "name": "tsmodulessingleexport",
  "version": "1.0.0",
  "lockfileVersion": 1,
  "requires": true,
  "dependencies": {
    "typescript": {
      "version": "3.1.2",
      "resolved": "http://nexus.prd.nbb:81/repository/nbb-npm-all/typescript/-/typescript-3.1.2.tgz",
      "integrity": "sha512-gOoGJWbNnFAfP9FlrSV63LYD5DJqYJHG5ky1kOXSl3pCImn4rqWy/flyq1BRd4iChQsoCqjbQaqtmXO4yCVPCA==",
      "dev": true
    }
  }
}
