{
  "name": "io-ts-example",
  "version": "1.0.0",
  "lockfileVersion": 1,
  "requires": true,
  "dependencies": {
    "@types/node": {
      "version": "10.12.10",
      "resolved": "https://registry.npmjs.org/@types/node/-/node-10.12.10.tgz",
      "integrity": "sha512-8xZEYckCbUVgK8Eg7lf5Iy4COKJ5uXlnIOnePN0WUwSQggy9tolM+tDJf7wMOnT/JT/W9xDYIaYggt3mRV2O5w=="
    },
    "@types/node-fetch": {
      "version": "2.1.4",
      "resolved": "https://registry.npmjs.org/@types/node-fetch/-/node-fetch-2.1.4.tgz",
      "integrity": "sha512-tR1ekaXUGpmzOcDXWU9BW73YfA2/VW1DF1FH+wlJ82BbCSnWTbdX+JkqWQXWKIGsFPnPsYadbXfNgz28g+ccWg==",
      "requires": {
        "@types/node": "*"
      }
    },
    "fp-ts": {
      "version": "1.11.2",
      "resolved": "https://registry.npmjs.org/fp-ts/-/fp-ts-1.11.2.tgz",
      "integrity": "sha512-iCVO6TXkU2QDlLGlAoA/4FL4FfFhWP06C4fNv8q46vKO8EIYH7fIp7Qlzwmsblf5xbUpOHbhLpljhkr0PmhMbg=="
    },
    "io-ts": {
      "version": "1.4.2",
      "resolved": "https://registry.npmjs.org/io-ts/-/io-ts-1.4.2.tgz",
      "integrity": "sha512-U4uw8jjj8jYZip7zHgBj40GW0DpYdVi1i0J3anezp2ytYHDg7+cKc7iIFlIyCh+NLwMxzwu6OQ/b9S61KUjPGg==",
      "requires": {
        "fp-ts": "^1.0.0"
      }
    },
    "node-fetch": {
      "version": "2.3.0",
      "resolved": "https://registry.npmjs.org/node-fetch/-/node-fetch-2.3.0.tgz",
      "integrity": "sha512-MOd8pV3fxENbryESLgVIeaGKrdl+uaYhCSSVkjeOb/31/njTpcis5aWfdqgNlHIrKOLRbMnfPINPOML2CIFeXA=="
    },
    "typescript": {
      "version": "3.1.6",
      "resolved": "https://registry.npmjs.org/typescript/-/typescript-3.1.6.tgz",
      "integrity": "sha512-tDMYfVtvpb96msS1lDX9MEdHrW4yOuZ4Kdc4Him9oU796XldPYF/t2+uKoX0BBa0hXXwDlqYQbXY5Rzjzc5hBA==",
      "dev": true
    }
  }
}
